
Microsoft Visual Studio Solution File, Format Version 12.00
# Visual Studio Version 17
VisualStudioVersion = 17.1.32210.238
MinimumVisualStudioVersion = 10.0.40219.1
Project("{FAE04EC0-301F-11D3-BF4B-00C04F79EFBC}") = "tpum", "tpum.csproj", "{132BC6BB-A991-41C7-B98E-F96A628A959F}"
EndProject
Global
	GlobalSection(SolutionConfigurationPlatforms) = preSolution
		Debug|Any CPU = Debug|Any CPU
		Release|Any CPU = Release|Any CPU
	EndGlobalSection
	GlobalSection(ProjectConfigurationPlatforms) = postSolution
		{132BC6BB-A991-41C7-B98E-F96A628A959F}.Debug|Any CPU.ActiveCfg = Debug|Any CPU
		{132BC6BB-A991-41C7-B98E-F96A628A959F}.Debug|Any CPU.Build.0 = Debug|Any CPU
		{132BC6BB-A991-41C7-B98E-F96A628A959F}.Release|Any CPU.ActiveCfg = Release|Any CPU
		{132BC6BB-A991-41C7-B98E-F96A628A959F}.Release|Any CPU.Build.0 = Release|Any CPU
	EndGlobalSection
	GlobalSection(SolutionProperties) = preSolution
		HideSolutionNode = FALSE
	EndGlobalSection
	GlobalSection(ExtensibilityGlobals) = postSolution
		SolutionGuid = {B4818385-B154-4056-823A-552B291083D0}
	EndGlobalSection
EndGlobal
